
Microsoft Visual Studio Solution File, Format Version 12.00
# Visual Studio 2012
Project("{FAE04EC0-301F-11D3-BF4B-00C04F79EFBC}") = "Application xbee recepteur données", "Application xbee recepteur données\Application xbee recepteur données.csproj", "{83674105-02B9-4BF2-AF26-D33A5C98E8DE}"
EndProject
Global
	GlobalSection(SolutionConfigurationPlatforms) = preSolution
		Debug|Any CPU = Debug|Any CPU
		Release|Any CPU = Release|Any CPU
	EndGlobalSection
	GlobalSection(ProjectConfigurationPlatforms) = postSolution
		{83674105-02B9-4BF2-AF26-D33A5C98E8DE}.Debug|Any CPU.ActiveCfg = Debug|Any CPU
		{83674105-02B9-4BF2-AF26-D33A5C98E8DE}.Debug|Any CPU.Build.0 = Debug|Any CPU
		{83674105-02B9-4BF2-AF26-D33A5C98E8DE}.Release|Any CPU.ActiveCfg = Release|Any CPU
		{83674105-02B9-4BF2-AF26-D33A5C98E8DE}.Release|Any CPU.Build.0 = Release|Any CPU
	EndGlobalSection
	GlobalSection(SolutionProperties) = preSolution
		HideSolutionNode = FALSE
	EndGlobalSection
EndGlobal
